
Microsoft Visual Studio Solution File, Format Version 12.00
# Visual Studio Version 17
VisualStudioVersion = 17.3.32825.248
MinimumVisualStudioVersion = 10.0.40219.1
Project("{FAE04EC0-301F-11D3-BF4B-00C04F79EFBC}") = "RefKeyword", "RefKeyword\RefKeyword.csproj", "{CAD77561-3E43-455A-917E-E4E7C2121484}"
EndProject
Global
	GlobalSection(SolutionConfigurationPlatforms) = preSolution
		Debug|Any CPU = Debug|Any CPU
		Release|Any CPU = Release|Any CPU
	EndGlobalSection
	GlobalSection(ProjectConfigurationPlatforms) = postSolution
		{CAD77561-3E43-455A-917E-E4E7C2121484}.Debug|Any CPU.ActiveCfg = Debug|Any CPU
		{CAD77561-3E43-455A-917E-E4E7C2121484}.Debug|Any CPU.Build.0 = Debug|Any CPU
		{CAD77561-3E43-455A-917E-E4E7C2121484}.Release|Any CPU.ActiveCfg = Release|Any CPU
		{CAD77561-3E43-455A-917E-E4E7C2121484}.Release|Any CPU.Build.0 = Release|Any CPU
	EndGlobalSection
	GlobalSection(SolutionProperties) = preSolution
		HideSolutionNode = FALSE
	EndGlobalSection
	GlobalSection(ExtensibilityGlobals) = postSolution
		SolutionGuid = {2D578D1B-5BD2-4F20-9C5D-8902209959FA}
	EndGlobalSection
EndGlobal
